
Microsoft Visual Studio Solution File, Format Version 12.00
# Visual Studio Version 17
VisualStudioVersion = 17.4.33110.190
MinimumVisualStudioVersion = 10.0.40219.1
Project("{FAE04EC0-301F-11D3-BF4B-00C04F79EFBC}") = "CooperativeProject", "CooperativeProject\CooperativeProject.csproj", "{C698F9D5-88CC-4AD5-B7B0-E3BF7FD86B49}"
EndProject
Global
	GlobalSection(SolutionConfigurationPlatforms) = preSolution
		Debug|Any CPU = Debug|Any CPU
		Release|Any CPU = Release|Any CPU
	EndGlobalSection
	GlobalSection(ProjectConfigurationPlatforms) = postSolution
		{C698F9D5-88CC-4AD5-B7B0-E3BF7FD86B49}.Debug|Any CPU.ActiveCfg = Debug|Any CPU
		{C698F9D5-88CC-4AD5-B7B0-E3BF7FD86B49}.Debug|Any CPU.Build.0 = Debug|Any CPU
		{C698F9D5-88CC-4AD5-B7B0-E3BF7FD86B49}.Release|Any CPU.ActiveCfg = Release|Any CPU
		{C698F9D5-88CC-4AD5-B7B0-E3BF7FD86B49}.Release|Any CPU.Build.0 = Release|Any CPU
	EndGlobalSection
	GlobalSection(SolutionProperties) = preSolution
		HideSolutionNode = FALSE
	EndGlobalSection
	GlobalSection(ExtensibilityGlobals) = postSolution
		SolutionGuid = {4314DAB7-BE94-4F8A-A730-2370F136099F}
	EndGlobalSection
EndGlobal
